// !$*UTF8*$!
{
	archiveVersion = 1;
	classes = {
	};
	objectVersion = 46;
	objects = {

/* Begin PBXBuildFile section */
		5A4CB983DFEC211B1F857C55 /* Pods_FlickrTests.framework in Frameworks */ = {isa = PBXBuildFile; fileRef = 9DE6B850000D9BC95BCE2953 /* Pods_FlickrTests.framework */; };
		6CC8FF391F30AF6800B4D158 /* AppDelegate.swift in Sources */ = {isa = PBXBuildFile; fileRef = 6CC8FF381F30AF6800B4D158 /* AppDelegate.swift */; };
		6CC8FF3E1F30AF6800B4D158 /* Main.storyboard in Resources */ = {isa = PBXBuildFile; fileRef = 6CC8FF3C1F30AF6800B4D158 /* Main.storyboard */; };
		6CC8FF401F30AF6800B4D158 /* Assets.xcassets in Resources */ = {isa = PBXBuildFile; fileRef = 6CC8FF3F1F30AF6800B4D158 /* Assets.xcassets */; };
		6CC8FF431F30AF6800B4D158 /* LaunchScreen.storyboard in Resources */ = {isa = PBXBuildFile; fileRef = 6CC8FF411F30AF6800B4D158 /* LaunchScreen.storyboard */; };
		6CC8FF4E1F30AF6800B4D158 /* FlickrTests.swift in Sources */ = {isa = PBXBuildFile; fileRef = 6CC8FF4D1F30AF6800B4D158 /* FlickrTests.swift */; };
		6CC8FF601F30B24E00B4D158 /* FlickrFeedTableViewController.swift in Sources */ = {isa = PBXBuildFile; fileRef = 6CC8FF5F1F30B24E00B4D158 /* FlickrFeedTableViewController.swift */; };
		6CC8FF621F30B5F300B4D158 /* FlickrPostItem.swift in Sources */ = {isa = PBXBuildFile; fileRef = 6CC8FF611F30B5F300B4D158 /* FlickrPostItem.swift */; };
		6CC8FF641F30BF9000B4D158 /* FlickrFeed.swift in Sources */ = {isa = PBXBuildFile; fileRef = 6CC8FF631F30BF9000B4D158 /* FlickrFeed.swift */; };
		6CC8FF661F30C19D00B4D158 /* FlickrFeedTableViewCell.swift in Sources */ = {isa = PBXBuildFile; fileRef = 6CC8FF651F30C19D00B4D158 /* FlickrFeedTableViewCell.swift */; };
		6CC8FF681F31D74C00B4D158 /* FlickrPostDetailViewController.swift in Sources */ = {isa = PBXBuildFile; fileRef = 6CC8FF671F31D74C00B4D158 /* FlickrPostDetailViewController.swift */; };
		D493848A964CDFABABCDBD96 /* Pods_Flickr.framework in Frameworks */ = {isa = PBXBuildFile; fileRef = CC81A45CBAA3668CBEA87AC7 /* Pods_Flickr.framework */; };
/* End PBXBuildFile section */

/* Begin PBXContainerItemProxy section */
		6CC8FF4A1F30AF6800B4D158 /* PBXContainerItemProxy */ = {
			isa = PBXContainerItemProxy;
			containerPortal = 6CC8FF2D1F30AF6800B4D158 /* Project object */;
			proxyType = 1;
			remoteGlobalIDString = 6CC8FF341F30AF6800B4D158;
			remoteInfo = Flickr;
		};
/* End PBXContainerItemProxy section */

/* Begin PBXFileReference section */
		26F8C929A8996E5956D985F0 /* Pods-FlickrTests.release.xcconfig */ = {isa = PBXFileReference; includeInIndex = 1; lastKnownFileType = text.xcconfig; name = "Pods-FlickrTests.release.xcconfig"; path = "Pods/Target Support Files/Pods-FlickrTests/Pods-FlickrTests.release.xcconfig"; sourceTree = "<group>"; };
		2B518744FEB423B4A510703D /* Pods-Flickr.release.xcconfig */ = {isa = PBXFileReference; includeInIndex = 1; lastKnownFileType = text.xcconfig; name = "Pods-Flickr.release.xcconfig"; path = "Pods/Target Support Files/Pods-Flickr/Pods-Flickr.release.xcconfig"; sourceTree = "<group>"; };
		52F94B7682A5B054E3E58123 /* Pods-Flickr.debug.xcconfig */ = {isa = PBXFileReference; includeInIndex = 1; lastKnownFileType = text.xcconfig; name = "Pods-Flickr.debug.xcconfig"; path = "Pods/Target Support Files/Pods-Flickr/Pods-Flickr.debug.xcconfig"; sourceTree = "<group>"; };
		6CC8FF351F30AF6800B4D158 /* Flickr.app */ = {isa = PBXFileReference; explicitFileType = wrapper.application; includeInIndex = 0; path = Flickr.app; sourceTree = BUILT_PRODUCTS_DIR; };
		6CC8FF381F30AF6800B4D158 /* AppDelegate.swift */ = {isa = PBXFileReference; lastKnownFileType = sourcecode.swift; path = AppDelegate.swift; sourceTree = "<group>"; };
		6CC8FF3D1F30AF6800B4D158 /* Base */ = {isa = PBXFileReference; lastKnownFileType = file.storyboard; name = Base; path = Base.lproj/Main.storyboard; sourceTree = "<group>"; };
		6CC8FF3F1F30AF6800B4D158 /* Assets.xcassets */ = {isa = PBXFileReference; lastKnownFileType = folder.assetcatalog; path = Assets.xcassets; sourceTree = "<group>"; };
		6CC8FF421F30AF6800B4D158 /* Base */ = {isa = PBXFileReference; lastKnownFileType = file.storyboard; name = Base; path = Base.lproj/LaunchScreen.storyboard; sourceTree = "<group>"; };
		6CC8FF441F30AF6800B4D158 /* Info.plist */ = {isa = PBXFileReference; lastKnownFileType = text.plist.xml; path = Info.plist; sourceTree = "<group>"; };
		6CC8FF491F30AF6800B4D158 /* FlickrTests.xctest */ = {isa = PBXFileReference; explicitFileType = wrapper.cfbundle; includeInIndex = 0; path = FlickrTests.xctest; sourceTree = BUILT_PRODUCTS_DIR; };
		6CC8FF4D1F30AF6800B4D158 /* FlickrTests.swift */ = {isa = PBXFileReference; lastKnownFileType = sourcecode.swift; path = FlickrTests.swift; sourceTree = "<group>"; };
		6CC8FF4F1F30AF6800B4D158 /* Info.plist */ = {isa = PBXFileReference; lastKnownFileType = text.plist.xml; path = Info.plist; sourceTree = "<group>"; };
		6CC8FF5F1F30B24E00B4D158 /* FlickrFeedTableViewController.swift */ = {isa = PBXFileReference; fileEncoding = 4; lastKnownFileType = sourcecode.swift; path = FlickrFeedTableViewController.swift; sourceTree = "<group>"; };
		6CC8FF611F30B5F300B4D158 /* FlickrPostItem.swift */ = {isa = PBXFileReference; fileEncoding = 4; lastKnownFileType = sourcecode.swift; path = FlickrPostItem.swift; sourceTree = "<group>"; };
		6CC8FF631F30BF9000B4D158 /* FlickrFeed.swift */ = {isa = PBXFileReference; fileEncoding = 4; lastKnownFileType = sourcecode.swift; path = FlickrFeed.swift; sourceTree = "<group>"; };
		6CC8FF651F30C19D00B4D158 /* FlickrFeedTableViewCell.swift */ = {isa = PBXFileReference; fileEncoding = 4; lastKnownFileType = sourcecode.swift; path = FlickrFeedTableViewCell.swift; sourceTree = "<group>"; };
		6CC8FF671F31D74C00B4D158 /* FlickrPostDetailViewController.swift */ = {isa = PBXFileReference; fileEncoding = 4; lastKnownFileType = sourcecode.swift; path = FlickrPostDetailViewController.swift; sourceTree = "<group>"; };
		9DE6B850000D9BC95BCE2953 /* Pods_FlickrTests.framework */ = {isa = PBXFileReference; explicitFileType = wrapper.framework; includeInIndex = 0; path = Pods_FlickrTests.framework; sourceTree = BUILT_PRODUCTS_DIR; };
		CC81A45CBAA3668CBEA87AC7 /* Pods_Flickr.framework */ = {isa = PBXFileReference; explicitFileType = wrapper.framework; includeInIndex = 0; path = Pods_Flickr.framework; sourceTree = BUILT_PRODUCTS_DIR; };
		DBB0991C000060D19A2A0D9D /* Pods-FlickrTests.debug.xcconfig */ = {isa = PBXFileReference; includeInIndex = 1; lastKnownFileType = text.xcconfig; name = "Pods-FlickrTests.debug.xcconfig"; path = "Pods/Target Support Files/Pods-FlickrTests/Pods-FlickrTests.debug.xcconfig"; sourceTree = "<group>"; };
/* End PBXFileReference section */

/* Begin PBXFrameworksBuildPhase section */
		6CC8FF321F30AF6800B4D158 /* Frameworks */ = {
			isa = PBXFrameworksBuildPhase;
			buildActionMask = 2147483647;
			files = (
				D493848A964CDFABABCDBD96 /* Pods_Flickr.framework in Frameworks */,
			);
			runOnlyForDeploymentPostprocessing = 0;
		};
		6CC8FF461F30AF6800B4D158 /* Frameworks */ = {
			isa = PBXFrameworksBuildPhase;
			buildActionMask = 2147483647;
			files = (
				5A4CB983DFEC211B1F857C55 /* Pods_FlickrTests.framework in Frameworks */,
			);
			runOnlyForDeploymentPostprocessing = 0;
		};
/* End PBXFrameworksBuildPhase section */

/* Begin PBXGroup section */
		3F888E351C155EFA5556F05A /* Frameworks */ = {
			isa = PBXGroup;
			children = (
				CC81A45CBAA3668CBEA87AC7 /* Pods_Flickr.framework */,
				9DE6B850000D9BC95BCE2953 /* Pods_FlickrTests.framework */,
			);
			name = Frameworks;
			sourceTree = "<group>";
		};
		6CC8FF2C1F30AF6800B4D158 = {
			isa = PBXGroup;
			children = (
				6CC8FF371F30AF6800B4D158 /* Flickr */,
				6CC8FF4C1F30AF6800B4D158 /* FlickrTests */,
				6CC8FF361F30AF6800B4D158 /* Products */,
				DFD549054FD3F8766D910204 /* Pods */,
				3F888E351C155EFA5556F05A /* Frameworks */,
			);
			sourceTree = "<group>";
		};
		6CC8FF361F30AF6800B4D158 /* Products */ = {
			isa = PBXGroup;
			children = (
				6CC8FF351F30AF6800B4D158 /* Flickr.app */,
				6CC8FF491F30AF6800B4D158 /* FlickrTests.xctest */,
			);
			name = Products;
			sourceTree = "<group>";
		};
		6CC8FF371F30AF6800B4D158 /* Flickr */ = {
			isa = PBXGroup;
			children = (
				6CC8FF381F30AF6800B4D158 /* AppDelegate.swift */,
				6CC8FF591F30B14900B4D158 /* View Controllers */,
				6CC8FF581F30B13F00B4D158 /* Models */,
				6CC8FF5C1F30B16800B4D158 /* plists */,
				6CC8FF5B1F30B15D00B4D158 /* Assets */,
				6CC8FF5A1F30B15300B4D158 /* Storyboards */,
			);
			path = Flickr;
			sourceTree = "<group>";
		};
		6CC8FF4C1F30AF6800B4D158 /* FlickrTests */ = {
			isa = PBXGroup;
			children = (
				6CC8FF4D1F30AF6800B4D158 /* FlickrTests.swift */,
				6CC8FF4F1F30AF6800B4D158 /* Info.plist */,
			);
			path = FlickrTests;
			sourceTree = "<group>";
		};
		6CC8FF581F30B13F00B4D158 /* Models */ = {
			isa = PBXGroup;
			children = (
				6CC8FF611F30B5F300B4D158 /* FlickrPostItem.swift */,
				6CC8FF631F30BF9000B4D158 /* FlickrFeed.swift */,
			);
			name = Models;
			sourceTree = "<group>";
		};
		6CC8FF591F30B14900B4D158 /* View Controllers */ = {
			isa = PBXGroup;
			children = (
				6CC8FF5F1F30B24E00B4D158 /* FlickrFeedTableViewController.swift */,
				6CC8FF651F30C19D00B4D158 /* FlickrFeedTableViewCell.swift */,
				6CC8FF671F31D74C00B4D158 /* FlickrPostDetailViewController.swift */,
			);
			name = "View Controllers";
			sourceTree = "<group>";
		};
		6CC8FF5A1F30B15300B4D158 /* Storyboards */ = {
			isa = PBXGroup;
			children = (
				6CC8FF3C1F30AF6800B4D158 /* Main.storyboard */,
				6CC8FF411F30AF6800B4D158 /* LaunchScreen.storyboard */,
			);
			name = Storyboards;
			sourceTree = "<group>";
		};
		6CC8FF5B1F30B15D00B4D158 /* Assets */ = {
			isa = PBXGroup;
			children = (
				6CC8FF3F1F30AF6800B4D158 /* Assets.xcassets */,
			);
			name = Assets;
			sourceTree = "<group>";
		};
		6CC8FF5C1F30B16800B4D158 /* plists */ = {
			isa = PBXGroup;
			children = (
				6CC8FF441F30AF6800B4D158 /* Info.plist */,
			);
			name = plists;
			sourceTree = "<group>";
		};
		DFD549054FD3F8766D910204 /* Pods */ = {
			isa = PBXGroup;
			children = (
				52F94B7682A5B054E3E58123 /* Pods-Flickr.debug.xcconfig */,
				2B518744FEB423B4A510703D /* Pods-Flickr.release.xcconfig */,
				DBB0991C000060D19A2A0D9D /* Pods-FlickrTests.debug.xcconfig */,
				26F8C929A8996E5956D985F0 /* Pods-FlickrTests.release.xcconfig */,
			);
			name = Pods;
			sourceTree = "<group>";
		};
/* End PBXGroup section */

/* Begin PBXNativeTarget section */
		6CC8FF341F30AF6800B4D158 /* Flickr */ = {
			isa = PBXNativeTarget;
			buildConfigurationList = 6CC8FF521F30AF6800B4D158 /* Build configuration list for PBXNativeTarget "Flickr" */;
			buildPhases = (
				D8474934665F269031A1E3ED /* [CP] Check Pods Manifest.lock */,
				6CC8FF311F30AF6800B4D158 /* Sources */,
				6CC8FF321F30AF6800B4D158 /* Frameworks */,
				6CC8FF331F30AF6800B4D158 /* Resources */,
				04F28158325DEA976A8C4822 /* [CP] Embed Pods Frameworks */,
				F2BE95D72BD629FA92427B68 /* [CP] Copy Pods Resources */,
			);
			buildRules = (
			);
			dependencies = (
			);
			name = Flickr;
			productName = Flickr;
			productReference = 6CC8FF351F30AF6800B4D158 /* Flickr.app */;
			productType = "com.apple.product-type.application";
		};
		6CC8FF481F30AF6800B4D158 /* FlickrTests */ = {
			isa = PBXNativeTarget;
			buildConfigurationList = 6CC8FF551F30AF6800B4D158 /* Build configuration list for PBXNativeTarget "FlickrTests" */;
			buildPhases = (
				A08468A5322608FF86FE8F4F /* [CP] Check Pods Manifest.lock */,
				6CC8FF451F30AF6800B4D158 /* Sources */,
				6CC8FF461F30AF6800B4D158 /* Frameworks */,
				6CC8FF471F30AF6800B4D158 /* Resources */,
				248540291AD79D7DDDF25837 /* [CP] Embed Pods Frameworks */,
				91E6EDB2F8363DA486CFC34E /* [CP] Copy Pods Resources */,
			);
			buildRules = (
			);
			dependencies = (
				6CC8FF4B1F30AF6800B4D158 /* PBXTargetDependency */,
			);
			name = FlickrTests;
			productName = FlickrTests;
			productReference = 6CC8FF491F30AF6800B4D158 /* FlickrTests.xctest */;
			productType = "com.apple.product-type.bundle.unit-test";
		};
/* End PBXNativeTarget section */

/* Begin PBXProject section */
		6CC8FF2D1F30AF6800B4D158 /* Project object */ = {
			isa = PBXProject;
			attributes = {
				LastSwiftUpdateCheck = 0830;
				LastUpgradeCheck = 0830;
				ORGANIZATIONNAME = "Jay Tailor";
				TargetAttributes = {
					6CC8FF341F30AF6800B4D158 = {
						CreatedOnToolsVersion = 8.3.3;
						DevelopmentTeam = QSYC55K64X;
						ProvisioningStyle = Automatic;
					};
					6CC8FF481F30AF6800B4D158 = {
						CreatedOnToolsVersion = 8.3.3;
						DevelopmentTeam = QSYC55K64X;
						ProvisioningStyle = Automatic;
						TestTargetID = 6CC8FF341F30AF6800B4D158;
					};
				};
			};
			buildConfigurationList = 6CC8FF301F30AF6800B4D158 /* Build configuration list for PBXProject "Flickr" */;
			compatibilityVersion = "Xcode 3.2";
			developmentRegion = English;
			hasScannedForEncodings = 0;
			knownRegions = (
				en,
				Base,
			);
			mainGroup = 6CC8FF2C1F30AF6800B4D158;
			productRefGroup = 6CC8FF361F30AF6800B4D158 /* Products */;
			projectDirPath = "";
			projectRoot = "";
			targets = (
				6CC8FF341F30AF6800B4D158 /* Flickr */,
				6CC8FF481F30AF6800B4D158 /* FlickrTests */,
			);
		};
/* End PBXProject section */

/* Begin PBXResourcesBuildPhase section */
		6CC8FF331F30AF6800B4D158 /* Resources */ = {
			isa = PBXResourcesBuildPhase;
			buildActionMask = 2147483647;
			files = (
				6CC8FF431F30AF6800B4D158 /* LaunchScreen.storyboard in Resources */,
				6CC8FF401F30AF6800B4D158 /* Assets.xcassets in Resources */,
				6CC8FF3E1F30AF6800B4D158 /* Main.storyboard in Resources */,
			);
			runOnlyForDeploymentPostprocessing = 0;
		};
		6CC8FF471F30AF6800B4D158 /* Resources */ = {
			isa = PBXResourcesBuildPhase;
			buildActionMask = 2147483647;
			files = (
			);
			runOnlyForDeploymentPostprocessing = 0;
		};
/* End PBXResourcesBuildPhase section */

/* Begin PBXShellScriptBuildPhase section */
		04F28158325DEA976A8C4822 /* [CP] Embed Pods Frameworks */ = {
			isa = PBXShellScriptBuildPhase;
			buildActionMask = 2147483647;
			files = (
			);
			inputPaths = (
			);
			name = "[CP] Embed Pods Frameworks";
			outputPaths = (
			);
			runOnlyForDeploymentPostprocessing = 0;
			shellPath = /bin/sh;
			shellScript = "\"${SRCROOT}/Pods/Target Support Files/Pods-Flickr/Pods-Flickr-frameworks.sh\"\n";
			showEnvVarsInLog = 0;
		};
		248540291AD79D7DDDF25837 /* [CP] Embed Pods Frameworks */ = {
			isa = PBXShellScriptBuildPhase;
			buildActionMask = 2147483647;
			files = (
			);
			inputPaths = (
			);
			name = "[CP] Embed Pods Frameworks";
			outputPaths = (
			);
			runOnlyForDeploymentPostprocessing = 0;
			shellPath = /bin/sh;
			shellScript = "\"${SRCROOT}/Pods/Target Support Files/Pods-FlickrTests/Pods-FlickrTests-frameworks.sh\"\n";
			showEnvVarsInLog = 0;
		};
		91E6EDB2F8363DA486CFC34E /* [CP] Copy Pods Resources */ = {
			isa = PBXShellScriptBuildPhase;
			buildActionMask = 2147483647;
			files = (
			);
			inputPaths = (
			);
			name = "[CP] Copy Pods Resources";
			outputPaths = (
			);
			runOnlyForDeploymentPostprocessing = 0;
			shellPath = /bin/sh;
			shellScript = "\"${SRCROOT}/Pods/Target Support Files/Pods-FlickrTests/Pods-FlickrTests-resources.sh\"\n";
			showEnvVarsInLog = 0;
		};
		A08468A5322608FF86FE8F4F /* [CP] Check Pods Manifest.lock */ = {
			isa = PBXShellScriptBuildPhase;
			buildActionMask = 2147483647;
			files = (
			);
			inputPaths = (
			);
			name = "[CP] Check Pods Manifest.lock";
			outputPaths = (
			);
			runOnlyForDeploymentPostprocessing = 0;
			shellPath = /bin/sh;
			shellScript = "diff \"${PODS_PODFILE_DIR_PATH}/Podfile.lock\" \"${PODS_ROOT}/Manifest.lock\" > /dev/null\nif [ $? != 0 ] ; then\n    # print error to STDERR\n    echo \"error: The sandbox is not in sync with the Podfile.lock. Run 'pod install' or update your CocoaPods installation.\" >&2\n    exit 1\nfi\n";
			showEnvVarsInLog = 0;
		};
		D8474934665F269031A1E3ED /* [CP] Check Pods Manifest.lock */ = {
			isa = PBXShellScriptBuildPhase;
			buildActionMask = 2147483647;
			files = (
			);
			inputPaths = (
			);
			name = "[CP] Check Pods Manifest.lock";
			outputPaths = (
			);
			runOnlyForDeploymentPostprocessing = 0;
			shellPath = /bin/sh;
			shellScript = "diff \"${PODS_PODFILE_DIR_PATH}/Podfile.lock\" \"${PODS_ROOT}/Manifest.lock\" > /dev/null\nif [ $? != 0 ] ; then\n    # print error to STDERR\n    echo \"error: The sandbox is not in sync with the Podfile.lock. Run 'pod install' or update your CocoaPods installation.\" >&2\n    exit 1\nfi\n";
			showEnvVarsInLog = 0;
		};
		F2BE95D72BD629FA92427B68 /* [CP] Copy Pods Resources */ = {
			isa = PBXShellScriptBuildPhase;
			buildActionMask = 2147483647;
			files = (
			);
			inputPaths = (
			);
			name = "[CP] Copy Pods Resources";
			outputPaths = (
			);
			runOnlyForDeploymentPostprocessing = 0;
			shellPath = /bin/sh;
			shellScript = "\"${SRCROOT}/Pods/Target Support Files/Pods-Flickr/Pods-Flickr-resources.sh\"\n";
			showEnvVarsInLog = 0;
		};
/* End PBXShellScriptBuildPhase section */

/* Begin PBXSourcesBuildPhase section */
		6CC8FF311F30AF6800B4D158 /* Sources */ = {
			isa = PBXSourcesBuildPhase;
			buildActionMask = 2147483647;
			files = (
				6CC8FF601F30B24E00B4D158 /* FlickrFeedTableViewController.swift in Sources */,
				6CC8FF621F30B5F300B4D158 /* FlickrPostItem.swift in Sources */,
				6CC8FF681F31D74C00B4D158 /* FlickrPostDetailViewController.swift in Sources */,
				6CC8FF641F30BF9000B4D158 /* FlickrFeed.swift in Sources */,
				6CC8FF661F30C19D00B4D158 /* FlickrFeedTableViewCell.swift in Sources */,
				6CC8FF391F30AF6800B4D158 /* AppDelegate.swift in Sources */,
			);
			runOnlyForDeploymentPostprocessing = 0;
		};
		6CC8FF451F30AF6800B4D158 /* Sources */ = {
			isa = PBXSourcesBuildPhase;
			buildActionMask = 2147483647;
			files = (
				6CC8FF4E1F30AF6800B4D158 /* FlickrTests.swift in Sources */,
			);
			runOnlyForDeploymentPostprocessing = 0;
		};
/* End PBXSourcesBuildPhase section */

/* Begin PBXTargetDependency section */
		6CC8FF4B1F30AF6800B4D158 /* PBXTargetDependency */ = {
			isa = PBXTargetDependency;
			target = 6CC8FF341F30AF6800B4D158 /* Flickr */;
			targetProxy = 6CC8FF4A1F30AF6800B4D158 /* PBXContainerItemProxy */;
		};
/* End PBXTargetDependency section */

/* Begin PBXVariantGroup section */
		6CC8FF3C1F30AF6800B4D158 /* Main.storyboard */ = {
			isa = PBXVariantGroup;
			children = (
				6CC8FF3D1F30AF6800B4D158 /* Base */,
			);
			name = Main.storyboard;
			sourceTree = "<group>";
		};
		6CC8FF411F30AF6800B4D158 /* LaunchScreen.storyboard */ = {
			isa = PBXVariantGroup;
			children = (
				6CC8FF421F30AF6800B4D158 /* Base */,
			);
			name = LaunchScreen.storyboard;
			sourceTree = "<group>";
		};
/* End PBXVariantGroup section */

/* Begin XCBuildConfiguration section */
		6CC8FF501F30AF6800B4D158 /* Debug */ = {
			isa = XCBuildConfiguration;
			buildSettings = {
				ALWAYS_SEARCH_USER_PATHS = NO;
				CLANG_ANALYZER_NONNULL = YES;
				CLANG_ANALYZER_NUMBER_OBJECT_CONVERSION = YES_AGGRESSIVE;
				CLANG_CXX_LANGUAGE_STANDARD = "gnu++0x";
				CLANG_CXX_LIBRARY = "libc++";
				CLANG_ENABLE_MODULES = YES;
				CLANG_ENABLE_OBJC_ARC = YES;
				CLANG_WARN_BOOL_CONVERSION = YES;
				CLANG_WARN_CONSTANT_CONVERSION = YES;
				CLANG_WARN_DIRECT_OBJC_ISA_USAGE = YES_ERROR;
				CLANG_WARN_DOCUMENTATION_COMMENTS = YES;
				CLANG_WARN_EMPTY_BODY = YES;
				CLANG_WARN_ENUM_CONVERSION = YES;
				CLANG_WARN_INFINITE_RECURSION = YES;
				CLANG_WARN_INT_CONVERSION = YES;
				CLANG_WARN_OBJC_ROOT_CLASS = YES_ERROR;
				CLANG_WARN_SUSPICIOUS_MOVE = YES;
				CLANG_WARN_UNREACHABLE_CODE = YES;
				CLANG_WARN__DUPLICATE_METHOD_MATCH = YES;
				"CODE_SIGN_IDENTITY[sdk=iphoneos*]" = "iPhone Developer";
				COPY_PHASE_STRIP = NO;
				DEBUG_INFORMATION_FORMAT = dwarf;
				ENABLE_STRICT_OBJC_MSGSEND = YES;
				ENABLE_TESTABILITY = YES;
				GCC_C_LANGUAGE_STANDARD = gnu99;
				GCC_DYNAMIC_NO_PIC = NO;
				GCC_NO_COMMON_BLOCKS = YES;
				GCC_OPTIMIZATION_LEVEL = 0;
				GCC_PREPROCESSOR_DEFINITIONS = (
					"DEBUG=1",
					"$(inherited)",
				);
				GCC_WARN_64_TO_32_BIT_CONVERSION = YES;
				GCC_WARN_ABOUT_RETURN_TYPE = YES_ERROR;
				GCC_WARN_UNDECLARED_SELECTOR = YES;
				GCC_WARN_UNINITIALIZED_AUTOS = YES_AGGRESSIVE;
				GCC_WARN_UNUSED_FUNCTION = YES;
				GCC_WARN_UNUSED_VARIABLE = YES;
				IPHONEOS_DEPLOYMENT_TARGET = 10.3;
				MTL_ENABLE_DEBUG_INFO = YES;
				ONLY_ACTIVE_ARCH = YES;
				SDKROOT = iphoneos;
				SWIFT_ACTIVE_COMPILATION_CONDITIONS = DEBUG;
				SWIFT_OPTIMIZATION_LEVEL = "-Onone";
			};
			name = Debug;
		};
		6CC8FF511F30AF6800B4D158 /* Release */ = {
			isa = XCBuildConfiguration;
			buildSettings = {
				ALWAYS_SEARCH_USER_PATHS = NO;
				CLANG_ANALYZER_NONNULL = YES;
				CLANG_ANALYZER_NUMBER_OBJECT_CONVERSION = YES_AGGRESSIVE;
				CLANG_CXX_LANGUAGE_STANDARD = "gnu++0x";
				CLANG_CXX_LIBRARY = "libc++";
				CLANG_ENABLE_MODULES = YES;
				CLANG_ENABLE_OBJC_ARC = YES;
				CLANG_WARN_BOOL_CONVERSION = YES;
				CLANG_WARN_CONSTANT_CONVERSION = YES;
				CLANG_WARN_DIRECT_OBJC_ISA_USAGE = YES_ERROR;
				CLANG_WARN_DOCUMENTATION_COMMENTS = YES;
				CLANG_WARN_EMPTY_BODY = YES;
				CLANG_WARN_ENUM_CONVERSION = YES;
				CLANG_WARN_INFINITE_RECURSION = YES;
				CLANG_WARN_INT_CONVERSION = YES;
				CLANG_WARN_OBJC_ROOT_CLASS = YES_ERROR;
				CLANG_WARN_SUSPICIOUS_MOVE = YES;
				CLANG_WARN_UNREACHABLE_CODE = YES;
				CLANG_WARN__DUPLICATE_METHOD_MATCH = YES;
				"CODE_SIGN_IDENTITY[sdk=iphoneos*]" = "iPhone Developer";
				COPY_PHASE_STRIP = NO;
				DEBUG_INFORMATION_FORMAT = "dwarf-with-dsym";
				ENABLE_NS_ASSERTIONS = NO;
				ENABLE_STRICT_OBJC_MSGSEND = YES;
				GCC_C_LANGUAGE_STANDARD = gnu99;
				GCC_NO_COMMON_BLOCKS = YES;
				GCC_WARN_64_TO_32_BIT_CONVERSION = YES;
				GCC_WARN_ABOUT_RETURN_TYPE = YES_ERROR;
				GCC_WARN_UNDECLARED_SELECTOR = YES;
				GCC_WARN_UNINITIALIZED_AUTOS = YES_AGGRESSIVE;
				GCC_WARN_UNUSED_FUNCTION = YES;
				GCC_WARN_UNUSED_VARIABLE = YES;
				IPHONEOS_DEPLOYMENT_TARGET = 10.3;
				MTL_ENABLE_DEBUG_INFO = NO;
				SDKROOT = iphoneos;
				SWIFT_OPTIMIZATION_LEVEL = "-Owholemodule";
				VALIDATE_PRODUCT = YES;
			};
			name = Release;
		};
		6CC8FF531F30AF6800B4D158 /* Debug */ = {
			isa = XCBuildConfiguration;
			baseConfigurationReference = 52F94B7682A5B054E3E58123 /* Pods-Flickr.debug.xcconfig */;
			buildSettings = {
				ASSETCATALOG_COMPILER_APPICON_NAME = AppIcon;
				DEVELOPMENT_TEAM = QSYC55K64X;
				INFOPLIST_FILE = Flickr/Info.plist;
				LD_RUNPATH_SEARCH_PATHS = "$(inherited) @executable_path/Frameworks";
				PRODUCT_BUNDLE_IDENTIFIER = jaytailor.Flickr;
				PRODUCT_NAME = "$(TARGET_NAME)";
				SWIFT_VERSION = 3.0;
			};
			name = Debug;
		};
		6CC8FF541F30AF6800B4D158 /* Release */ = {
			isa = XCBuildConfiguration;
			baseConfigurationReference = 2B518744FEB423B4A510703D /* Pods-Flickr.release.xcconfig */;
			buildSettings = {
				ASSETCATALOG_COMPILER_APPICON_NAME = AppIcon;
				DEVELOPMENT_TEAM = QSYC55K64X;
				INFOPLIST_FILE = Flickr/Info.plist;
				LD_RUNPATH_SEARCH_PATHS = "$(inherited) @executable_path/Frameworks";
				PRODUCT_BUNDLE_IDENTIFIER = jaytailor.Flickr;
				PRODUCT_NAME = "$(TARGET_NAME)";
				SWIFT_VERSION = 3.0;
			};
			name = Release;
		};
		6CC8FF561F30AF6800B4D158 /* Debug */ = {
			isa = XCBuildConfiguration;
			baseConfigurationReference = DBB0991C000060D19A2A0D9D /* Pods-FlickrTests.debug.xcconfig */;
			buildSettings = {
				ALWAYS_EMBED_SWIFT_STANDARD_LIBRARIES = YES;
				BUNDLE_LOADER = "$(TEST_HOST)";
				DEVELOPMENT_TEAM = QSYC55K64X;
				INFOPLIST_FILE = FlickrTests/Info.plist;
				LD_RUNPATH_SEARCH_PATHS = "$(inherited) @executable_path/Frameworks @loader_path/Frameworks";
				PRODUCT_BUNDLE_IDENTIFIER = jaytailor.FlickrTests;
				PRODUCT_NAME = "$(TARGET_NAME)";
				SWIFT_VERSION = 3.0;
				TEST_HOST = "$(BUILT_PRODUCTS_DIR)/Flickr.app/Flickr";
			};
			name = Debug;
		};
		6CC8FF571F30AF6800B4D158 /* Release */ = {
			isa = XCBuildConfiguration;
			baseConfigurationReference = 26F8C929A8996E5956D985F0 /* Pods-FlickrTests.release.xcconfig */;
			buildSettings = {
				ALWAYS_EMBED_SWIFT_STANDARD_LIBRARIES = YES;
				BUNDLE_LOADER = "$(TEST_HOST)";
				DEVELOPMENT_TEAM = QSYC55K64X;
				INFOPLIST_FILE = FlickrTests/Info.plist;
				LD_RUNPATH_SEARCH_PATHS = "$(inherited) @executable_path/Frameworks @loader_path/Frameworks";
				PRODUCT_BUNDLE_IDENTIFIER = jaytailor.FlickrTests;
				PRODUCT_NAME = "$(TARGET_NAME)";
				SWIFT_VERSION = 3.0;
				TEST_HOST = "$(BUILT_PRODUCTS_DIR)/Flickr.app/Flickr";
			};
			name = Release;
		};
/* End XCBuildConfiguration section */

/* Begin XCConfigurationList section */
		6CC8FF301F30AF6800B4D158 /* Build configuration list for PBXProject "Flickr" */ = {
			isa = XCConfigurationList;
			buildConfigurations = (
				6CC8FF501F30AF6800B4D158 /* Debug */,
				6CC8FF511F30AF6800B4D158 /* Release */,
			);
			defaultConfigurationIsVisible = 0;
			defaultConfigurationName = Release;
		};
		6CC8FF521F30AF6800B4D158 /* Build configuration list for PBXNativeTarget "Flickr" */ = {
			isa = XCConfigurationList;
			buildConfigurations = (
				6CC8FF531F30AF6800B4D158 /* Debug */,
				6CC8FF541F30AF6800B4D158 /* Release */,
			);
			defaultConfigurationIsVisible = 0;
			defaultConfigurationName = Release;
		};
		6CC8FF551F30AF6800B4D158 /* Build configuration list for PBXNativeTarget "FlickrTests" */ = {
			isa = XCConfigurationList;
			buildConfigurations = (
				6CC8FF561F30AF6800B4D158 /* Debug */,
				6CC8FF571F30AF6800B4D158 /* Release */,
			);
			defaultConfigurationIsVisible = 0;
			defaultConfigurationName = Release;
		};
/* End XCConfigurationList section */
	};
	rootObject = 6CC8FF2D1F30AF6800B4D158 /* Project object */;
}
